
Microsoft Visual Studio Solution File, Format Version 12.00
# Visual Studio Version 17
VisualStudioVersion = 17.6.33723.286
MinimumVisualStudioVersion = 10.0.40219.1
Project("{FAE04EC0-301F-11D3-BF4B-00C04F79EFBC}") = "rtperson", "rtperson.csproj", "{FE5E67A1-B6B7-4F27-A636-D5784472924F}"
EndProject
Global
	GlobalSection(SolutionConfigurationPlatforms) = preSolution
		Debug|Any CPU = Debug|Any CPU
		Release|Any CPU = Release|Any CPU
	EndGlobalSection
	GlobalSection(ProjectConfigurationPlatforms) = postSolution
		{FE5E67A1-B6B7-4F27-A636-D5784472924F}.Debug|Any CPU.ActiveCfg = Debug|Any CPU
		{FE5E67A1-B6B7-4F27-A636-D5784472924F}.Debug|Any CPU.Build.0 = Debug|Any CPU
		{FE5E67A1-B6B7-4F27-A636-D5784472924F}.Release|Any CPU.ActiveCfg = Release|Any CPU
		{FE5E67A1-B6B7-4F27-A636-D5784472924F}.Release|Any CPU.Build.0 = Release|Any CPU
	EndGlobalSection
	GlobalSection(SolutionProperties) = preSolution
		HideSolutionNode = FALSE
	EndGlobalSection
	GlobalSection(ExtensibilityGlobals) = postSolution
		SolutionGuid = {9231B802-3D22-462E-93E0-128F5A9A0EF5}
	EndGlobalSection
EndGlobal
